
Microsoft Visual Studio Solution File, Format Version 12.00
# Visual Studio Version 17
VisualStudioVersion = 17.0.31912.275
MinimumVisualStudioVersion = 10.0.40219.1
Project("{FAE04EC0-301F-11D3-BF4B-00C04F79EFBC}") = "Airespring.Web", "Airespring.Web\Airespring.Web.csproj", "{CA616AA8-238D-41DF-86FB-54FF4DAB6A0D}"
EndProject
Global
	GlobalSection(SolutionConfigurationPlatforms) = preSolution
		Debug|Any CPU = Debug|Any CPU
		Release|Any CPU = Release|Any CPU
	EndGlobalSection
	GlobalSection(ProjectConfigurationPlatforms) = postSolution
		{CA616AA8-238D-41DF-86FB-54FF4DAB6A0D}.Debug|Any CPU.ActiveCfg = Debug|Any CPU
		{CA616AA8-238D-41DF-86FB-54FF4DAB6A0D}.Debug|Any CPU.Build.0 = Debug|Any CPU
		{CA616AA8-238D-41DF-86FB-54FF4DAB6A0D}.Release|Any CPU.ActiveCfg = Release|Any CPU
		{CA616AA8-238D-41DF-86FB-54FF4DAB6A0D}.Release|Any CPU.Build.0 = Release|Any CPU
	EndGlobalSection
	GlobalSection(SolutionProperties) = preSolution
		HideSolutionNode = FALSE
	EndGlobalSection
	GlobalSection(ExtensibilityGlobals) = postSolution
		SolutionGuid = {AF51D16A-CB85-4942-A111-51151EDFCA7A}
	EndGlobalSection
EndGlobal
